
Microsoft Visual Studio Solution File, Format Version 12.00
# Visual Studio Version 16
VisualStudioVersion = 16.0.30621.155
MinimumVisualStudioVersion = 10.0.40219.1
Project("{FAE04EC0-301F-11D3-BF4B-00C04F79EFBC}") = "1-PrimeiroProjeto", "1-PrimeiroProjeto\1-PrimeiroProjeto.csproj", "{3D65C1E0-E33E-4A48-8281-FC19B04E613F}"
EndProject
Project("{FAE04EC0-301F-11D3-BF4B-00C04F79EFBC}") = "2-CriandoVariaveis", "2-CriandoVariaveis\2-CriandoVariaveis.csproj", "{6605BF8D-9915-4324-A10F-97BDE714F296}"
EndProject
Project("{FAE04EC0-301F-11D3-BF4B-00C04F79EFBC}") = "3-CriandoVariaveisPontoFlutuante", "3-CriandoVariaveisPontoFlutuante\3-CriandoVariaveisPontoFlutuante.csproj", "{7BFB358E-45CF-4B07-8455-D6878E22174A}"
EndProject
Project("{FAE04EC0-301F-11D3-BF4B-00C04F79EFBC}") = "4-ConversoesEOutrosTiposNumericos", "4-ConversoesEOutrosTiposNumericos\4-ConversoesEOutrosTiposNumericos.csproj", "{5BE1B5C1-C131-4F40-A050-2DE443197766}"
EndProject
Project("{FAE04EC0-301F-11D3-BF4B-00C04F79EFBC}") = "5-CaracteresETextos", "5-CaracteresETextos\5-CaracteresETextos.csproj", "{2B7AA500-B3CD-4148-B2A7-C782298A2FBD}"
EndProject
Global
	GlobalSection(SolutionConfigurationPlatforms) = preSolution
		Debug|Any CPU = Debug|Any CPU
		Release|Any CPU = Release|Any CPU
	EndGlobalSection
	GlobalSection(ProjectConfigurationPlatforms) = postSolution
		{3D65C1E0-E33E-4A48-8281-FC19B04E613F}.Debug|Any CPU.ActiveCfg = Debug|Any CPU
		{3D65C1E0-E33E-4A48-8281-FC19B04E613F}.Debug|Any CPU.Build.0 = Debug|Any CPU
		{3D65C1E0-E33E-4A48-8281-FC19B04E613F}.Release|Any CPU.ActiveCfg = Release|Any CPU
		{3D65C1E0-E33E-4A48-8281-FC19B04E613F}.Release|Any CPU.Build.0 = Release|Any CPU
		{6605BF8D-9915-4324-A10F-97BDE714F296}.Debug|Any CPU.ActiveCfg = Debug|Any CPU
		{6605BF8D-9915-4324-A10F-97BDE714F296}.Debug|Any CPU.Build.0 = Debug|Any CPU
		{6605BF8D-9915-4324-A10F-97BDE714F296}.Release|Any CPU.ActiveCfg = Release|Any CPU
		{6605BF8D-9915-4324-A10F-97BDE714F296}.Release|Any CPU.Build.0 = Release|Any CPU
		{7BFB358E-45CF-4B07-8455-D6878E22174A}.Debug|Any CPU.ActiveCfg = Debug|Any CPU
		{7BFB358E-45CF-4B07-8455-D6878E22174A}.Debug|Any CPU.Build.0 = Debug|Any CPU
		{7BFB358E-45CF-4B07-8455-D6878E22174A}.Release|Any CPU.ActiveCfg = Release|Any CPU
		{7BFB358E-45CF-4B07-8455-D6878E22174A}.Release|Any CPU.Build.0 = Release|Any CPU
		{5BE1B5C1-C131-4F40-A050-2DE443197766}.Debug|Any CPU.ActiveCfg = Debug|Any CPU
		{5BE1B5C1-C131-4F40-A050-2DE443197766}.Debug|Any CPU.Build.0 = Debug|Any CPU
		{5BE1B5C1-C131-4F40-A050-2DE443197766}.Release|Any CPU.ActiveCfg = Release|Any CPU
		{5BE1B5C1-C131-4F40-A050-2DE443197766}.Release|Any CPU.Build.0 = Release|Any CPU
		{2B7AA500-B3CD-4148-B2A7-C782298A2FBD}.Debug|Any CPU.ActiveCfg = Debug|Any CPU
		{2B7AA500-B3CD-4148-B2A7-C782298A2FBD}.Debug|Any CPU.Build.0 = Debug|Any CPU
		{2B7AA500-B3CD-4148-B2A7-C782298A2FBD}.Release|Any CPU.ActiveCfg = Release|Any CPU
		{2B7AA500-B3CD-4148-B2A7-C782298A2FBD}.Release|Any CPU.Build.0 = Release|Any CPU
	EndGlobalSection
	GlobalSection(SolutionProperties) = preSolution
		HideSolutionNode = FALSE
	EndGlobalSection
	GlobalSection(ExtensibilityGlobals) = postSolution
		SolutionGuid = {8432CC0B-3CD6-4C32-8742-70669B48C0EE}
	EndGlobalSection
EndGlobal
